
Microsoft Visual Studio Solution File, Format Version 12.00
# Visual Studio 15
VisualStudioVersion = 15.0.28307.1000
MinimumVisualStudioVersion = 10.0.40219.1
Project("{FAE04EC0-301F-11D3-BF4B-00C04F79EFBC}") = "HelloWorld", "HelloWorld\HelloWorld.csproj", "{F3F05BBA-E33D-4168-926F-ED151979947A}"
EndProject
Global
	GlobalSection(SolutionConfigurationPlatforms) = preSolution
		Debug|Any CPU = Debug|Any CPU
		Release|Any CPU = Release|Any CPU
	EndGlobalSection
	GlobalSection(ProjectConfigurationPlatforms) = postSolution
		{F3F05BBA-E33D-4168-926F-ED151979947A}.Debug|Any CPU.ActiveCfg = Debug|Any CPU
		{F3F05BBA-E33D-4168-926F-ED151979947A}.Debug|Any CPU.Build.0 = Debug|Any CPU
		{F3F05BBA-E33D-4168-926F-ED151979947A}.Release|Any CPU.ActiveCfg = Release|Any CPU
		{F3F05BBA-E33D-4168-926F-ED151979947A}.Release|Any CPU.Build.0 = Release|Any CPU
	EndGlobalSection
	GlobalSection(SolutionProperties) = preSolution
		HideSolutionNode = FALSE
	EndGlobalSection
	GlobalSection(ExtensibilityGlobals) = postSolution
		SolutionGuid = {E59D84FA-4DDF-45C2-AD63-E5AA61650ABE}
	EndGlobalSection
EndGlobal
